# Randomized-block performance comparison of CPython builds on GitHub runners.
#
# Installed as the *only* workflow on throwaway `perf-ci/*` branches by
# perf-notes/ci/make_branch.sh.  Configuration lives in perf-notes/ci/config.json
# on the branch.  Every matrix job is one or more complete blocks: it builds
# all arms on the same runner and then runs every (benchmark, arm) cell in a
# fresh random order, so runner-to-runner and time-varying nuisance is shared
# within a block and cancels in the paired analysis.
name: perf-block

on:
  push:
    branches: ['perf-ci/**']

permissions:
  contents: read

jobs:
  setup:
    runs-on: ubuntu-24.04
    outputs:
      jobs: ${{ steps.cfg.outputs.jobs }}
    steps:
      - uses: actions/checkout@v4
        with:
          sparse-checkout: perf-notes
      - id: cfg
        run: |
          n=$(python3 -c 'import json;print(json.load(open("perf-notes/ci/config.json"))["jobs"])')
          echo "jobs=$(python3 -c "import json;print(json.dumps(list(range($n))))")" >> "$GITHUB_OUTPUT"

  block:
    needs: setup
    runs-on: ubuntu-24.04
    timeout-minutes: 350
    strategy:
      fail-fast: false
      matrix:
        job: ${{ fromJSON(needs.setup.outputs.jobs) }}
    steps:
      - uses: actions/checkout@v4
        with:
          fetch-depth: 1
          path: ci
      - name: Install build dependencies
        run: |
          # libmpdec-dev is not in plain Ubuntu 24.04; without it _decimal is missing and the
          # decimal benchmarks silently fall back to the (very slow) pure-Python module.
          sudo add-apt-repository -y ppa:deadsnakes/ppa
          sudo bash ci/.github/workflows/posix-deps-apt.sh
      - name: Machine info
        run: |
          nproc; lscpu | grep -E 'Model name|MHz|L3'; free -g
      - name: Build arms
        run: python3 ci/perf-notes/ci/build_arms.py ci/perf-notes/ci/config.json ci
      - name: Install pyperf / pyperformance
        run: |
          python3 -m venv "$HOME/drv"
          "$HOME/drv/bin/pip" install -q pyperf pyperformance
          "$HOME/drv/bin/pip" install -q --no-deps --target "$HOME/pyperf-lib" pyperf
      - name: Run blocks
        env:
          PERF_PYPERF_LIB: /home/runner/pyperf-lib
        run: |
          set -eux
          cfg=ci/perf-notes/ci/config.json
          args=$(python3 - <<EOF
          import json, os
          c = json.load(open("$cfg"))
          home = os.environ["HOME"]
          a = [f"--arm {k}={home}/b-{k}/python" for k in c["arms"]]
          a += ["--blocks", str(c.get("blocks_per_job", 1)), "--values", str(c.get("values", 1)), "--rounds", str(c.get("rounds", 3)),
                "--scale", str(c.get("scale", 1.0))]
          if c.get("bench"):
              a += ["--bench", "'" + c["bench"] + "'"]
          print(" ".join(a))
          EOF
          )
          eval "$HOME/drv/bin/python" ci/perf-notes/tools/blockbench.py run $args \
            --loops ci/perf-notes/ci/loops.json \
            --tag "${GITHUB_RUN_ID}-${{ matrix.job }}" --seed "${GITHUB_RUN_ID}${{ matrix.job }}" \
            --out "$HOME/results.jsonl"
      - name: Report
        if: always()
        run: |
          "$HOME/drv/bin/python" ci/perf-notes/tools/blockbench.py analyze "$HOME/results.jsonl" --base "$(python3 -c "import json;print(next(iter(json.load(open('ci/perf-notes/ci/config.json'))['arms'])))")" || true
          echo "=====BEGIN-RESULTS-B64====="
          gzip -9c "$HOME/results.jsonl" | base64 -w 0; echo
          echo "=====END-RESULTS-B64====="
      - uses: actions/upload-artifact@v4
        if: always()
        with:
          name: results-${{ matrix.job }}
          path: ~/results.jsonl
